Microsoft Visual Studio Solution File, Format Version 12.00
# Visual Studio Version 17
VisualStudioVersion = 17.5.2.0
MinimumVisualStudioVersion = 10.0.40219.1
Project("{FAE04EC0-301F-11D3-BF4B-00C04F79EFBC}") = "JsonXmlPatchDemo", "JsonXmlPatchDemo.csproj", "{AF9C87BD-B8F2-906C-1965-BF790F29A3FC}"
EndProject
Global
	GlobalSection(SolutionConfigurationPlatforms) = preSolution
		Debug|Any CPU = Debug|Any CPU
		Release|Any CPU = Release|Any CPU
	EndGlobalSection
	GlobalSection(ProjectConfigurationPlatforms) = postSolution
		{AF9C87BD-B8F2-906C-1965-BF790F29A3FC}.Debug|Any CPU.ActiveCfg = Debug|Any CPU
		{AF9C87BD-B8F2-906C-1965-BF790F29A3FC}.Debug|Any CPU.Build.0 = Debug|Any CPU
		{AF9C87BD-B8F2-906C-1965-BF790F29A3FC}.Release|Any CPU.ActiveCfg = Release|Any CPU
		{AF9C87BD-B8F2-906C-1965-BF790F29A3FC}.Release|Any CPU.Build.0 = Release|Any CPU
	EndGlobalSection
	GlobalSection(SolutionProperties) = preSolution
		HideSolutionNode = FALSE
	EndGlobalSection
	GlobalSection(ExtensibilityGlobals) = postSolution
		SolutionGuid = {3831B468-000C-49E3-BE8F-062B7408CFF6}
	EndGlobalSection
EndGlobal
